
Microsoft Visual Studio Solution File, Format Version 12.00
# Visual Studio Version 17
VisualStudioVersion = 17.9.34728.123
MinimumVisualStudioVersion = 10.0.40219.1
Project("{FAE04EC0-301F-11D3-BF4B-00C04F79EFBC}") = "Project4", "Project4\Project4.csproj", "{717A7F10-BF96-4EEC-A594-917D9F509FDA}"
EndProject
Global
	GlobalSection(SolutionConfigurationPlatforms) = preSolution
		Debug|Any CPU = Debug|Any CPU
		Release|Any CPU = Release|Any CPU
	EndGlobalSection
	GlobalSection(ProjectConfigurationPlatforms) = postSolution
		{717A7F10-BF96-4EEC-A594-917D9F509FDA}.Debug|Any CPU.ActiveCfg = Debug|Any CPU
		{717A7F10-BF96-4EEC-A594-917D9F509FDA}.Debug|Any CPU.Build.0 = Debug|Any CPU
		{717A7F10-BF96-4EEC-A594-917D9F509FDA}.Release|Any CPU.ActiveCfg = Release|Any CPU
		{717A7F10-BF96-4EEC-A594-917D9F509FDA}.Release|Any CPU.Build.0 = Release|Any CPU
	EndGlobalSection
	GlobalSection(SolutionProperties) = preSolution
		HideSolutionNode = FALSE
	EndGlobalSection
	GlobalSection(ExtensibilityGlobals) = postSolution
		SolutionGuid = {B8FDD2C7-D5F5-4A25-ADA7-308A01515700}
	EndGlobalSection
EndGlobal
